// !$*UTF8*$!
{
	archiveVersion = 1;
	classes = {
	};
	objectVersion = 56;
	objects = {

/* Begin PBXBuildFile section */
		92B2425E2ACB49C300606259 /* AppDelegate.swift in Sources */ = {isa = PBXBuildFile; fileRef = 92B2425D2ACB49C300606259 /* AppDelegate.swift */; };
		92B242602ACB49C300606259 /* SceneDelegate.swift in Sources */ = {isa = PBXBuildFile; fileRef = 92B2425F2ACB49C300606259 /* SceneDelegate.swift */; };
		92B242622ACB49C300606259 /* WelcomeViewController.swift in Sources */ = {isa = PBXBuildFile; fileRef = 92B242612ACB49C300606259 /* WelcomeViewController.swift */; };
		92B242652ACB49C300606259 /* Main.storyboard in Resources */ = {isa = PBXBuildFile; fileRef = 92B242632ACB49C300606259 /* Main.storyboard */; };
		92B242672ACB49C500606259 /* Assets.xcassets in Resources */ = {isa = PBXBuildFile; fileRef = 92B242662ACB49C500606259 /* Assets.xcassets */; };
		92B2426A2ACB49C500606259 /* LaunchScreen.storyboard in Resources */ = {isa = PBXBuildFile; fileRef = 92B242682ACB49C500606259 /* LaunchScreen.storyboard */; };
		92B242732ACB551300606259 /* GameViewController.swift in Sources */ = {isa = PBXBuildFile; fileRef = 92B242722ACB551300606259 /* GameViewController.swift */; };
		92B242752ACB569C00606259 /* Model.swift in Sources */ = {isa = PBXBuildFile; fileRef = 92B242742ACB569C00606259 /* Model.swift */; };
		92B242772ACB57EC00606259 /* RecordsViewController.swift in Sources */ = {isa = PBXBuildFile; fileRef = 92B242762ACB57EC00606259 /* RecordsViewController.swift */; };
		92B242792ACB57FA00606259 /* SettingsViewController.swift in Sources */ = {isa = PBXBuildFile; fileRef = 92B242782ACB57FA00606259 /* SettingsViewController.swift */; };
		92B2427B2ACCBE5300606259 /* FileManager.swift in Sources */ = {isa = PBXBuildFile; fileRef = 92B2427A2ACCBE5300606259 /* FileManager.swift */; };
		92B2427D2ACCBEE200606259 /* Constants.swift in Sources */ = {isa = PBXBuildFile; fileRef = 92B2427C2ACCBEE200606259 /* Constants.swift */; };
/* End PBXBuildFile section */

/* Begin PBXFileReference section */
		92B2425A2ACB49C300606259 /* BelenetsAppOne.app */ = {isa = PBXFileReference; explicitFileType = wrapper.application; includeInIndex = 0; path = BelenetsAppOne.app; sourceTree = BUILT_PRODUCTS_DIR; };
		92B2425D2ACB49C300606259 /* AppDelegate.swift */ = {isa = PBXFileReference; lastKnownFileType = sourcecode.swift; path = AppDelegate.swift; sourceTree = "<group>"; };
		92B2425F2ACB49C300606259 /* SceneDelegate.swift */ = {isa = PBXFileReference; lastKnownFileType = sourcecode.swift; path = SceneDelegate.swift; sourceTree = "<group>"; };
		92B242612ACB49C300606259 /* WelcomeViewController.swift */ = {isa = PBXFileReference; lastKnownFileType = sourcecode.swift; path = WelcomeViewController.swift; sourceTree = "<group>"; };
		92B242642ACB49C300606259 /* Base */ = {isa = PBXFileReference; lastKnownFileType = file.storyboard; name = Base; path = Base.lproj/Main.storyboard; sourceTree = "<group>"; };
		92B242662ACB49C500606259 /* Assets.xcassets */ = {isa = PBXFileReference; lastKnownFileType = folder.assetcatalog; path = Assets.xcassets; sourceTree = "<group>"; };
		92B242692ACB49C500606259 /* Base */ = {isa = PBXFileReference; lastKnownFileType = file.storyboard; name = Base; path = Base.lproj/LaunchScreen.storyboard; sourceTree = "<group>"; };
		92B2426B2ACB49C500606259 /* Info.plist */ = {isa = PBXFileReference; lastKnownFileType = text.plist.xml; path = Info.plist; sourceTree = "<group>"; };
		92B242722ACB551300606259 /* GameViewController.swift */ = {isa = PBXFileReference; lastKnownFileType = sourcecode.swift; path = GameViewController.swift; sourceTree = "<group>"; };
		92B242742ACB569C00606259 /* Model.swift */ = {isa = PBXFileReference; lastKnownFileType = sourcecode.swift; path = Model.swift; sourceTree = "<group>"; };
		92B242762ACB57EC00606259 /* RecordsViewController.swift */ = {isa = PBXFileReference; lastKnownFileType = sourcecode.swift; path = RecordsViewController.swift; sourceTree = "<group>"; };
		92B242782ACB57FA00606259 /* SettingsViewController.swift */ = {isa = PBXFileReference; lastKnownFileType = sourcecode.swift; path = SettingsViewController.swift; sourceTree = "<group>"; };
		92B2427A2ACCBE5300606259 /* FileManager.swift */ = {isa = PBXFileReference; lastKnownFileType = sourcecode.swift; path = FileManager.swift; sourceTree = "<group>"; };
		92B2427C2ACCBEE200606259 /* Constants.swift */ = {isa = PBXFileReference; lastKnownFileType = sourcecode.swift; path = Constants.swift; sourceTree = "<group>"; };
/* End PBXFileReference section */

/* Begin PBXFrameworksBuildPhase section */
		92B242572ACB49C300606259 /* Frameworks */ = {
			isa = PBXFrameworksBuildPhase;
			buildActionMask = 2147483647;
			files = (
			);
			runOnlyForDeploymentPostprocessing = 0;
		};
/* End PBXFrameworksBuildPhase section */

/* Begin PBXGroup section */
		92B242512ACB49C200606259 = {
			isa = PBXGroup;
			children = (
				92B2425C2ACB49C300606259 /* BelenetsAppOne */,
				92B2425B2ACB49C300606259 /* Products */,
			);
			sourceTree = "<group>";
		};
		92B2425B2ACB49C300606259 /* Products */ = {
			isa = PBXGroup;
			children = (
				92B2425A2ACB49C300606259 /* BelenetsAppOne.app */,
			);
			name = Products;
			sourceTree = "<group>";
		};
		92B2425C2ACB49C300606259 /* BelenetsAppOne */ = {
			isa = PBXGroup;
			children = (
				92B2425D2ACB49C300606259 /* AppDelegate.swift */,
				92B2425F2ACB49C300606259 /* SceneDelegate.swift */,
				92B242612ACB49C300606259 /* WelcomeViewController.swift */,
				92B242762ACB57EC00606259 /* RecordsViewController.swift */,
				92B242782ACB57FA00606259 /* SettingsViewController.swift */,
				92B242722ACB551300606259 /* GameViewController.swift */,
				92B2427A2ACCBE5300606259 /* FileManager.swift */,
				92B2427C2ACCBEE200606259 /* Constants.swift */,
				92B242742ACB569C00606259 /* Model.swift */,
				92B242632ACB49C300606259 /* Main.storyboard */,
				92B242662ACB49C500606259 /* Assets.xcassets */,
				92B242682ACB49C500606259 /* LaunchScreen.storyboard */,
				92B2426B2ACB49C500606259 /* Info.plist */,
			);
			path = BelenetsAppOne;
			sourceTree = "<group>";
		};
/* End PBXGroup section */

/* Begin PBXNativeTarget section */
		92B242592ACB49C300606259 /* BelenetsAppOne */ = {
			isa = PBXNativeTarget;
			buildConfigurationList = 92B2426E2ACB49C500606259 /* Build configuration list for PBXNativeTarget "BelenetsAppOne" */;
			buildPhases = (
				92B242562ACB49C300606259 /* Sources */,
				92B242572ACB49C300606259 /* Frameworks */,
				92B242582ACB49C300606259 /* Resources */,
			);
			buildRules = (
			);
			dependencies = (
			);
			name = BelenetsAppOne;
			productName = BelenetsAppOne;
			productReference = 92B2425A2ACB49C300606259 /* BelenetsAppOne.app */;
			productType = "com.apple.product-type.application";
		};
/* End PBXNativeTarget section */

/* Begin PBXProject section */
		92B242522ACB49C300606259 /* Project object */ = {
			isa = PBXProject;
			attributes = {
				BuildIndependentTargetsInParallel = 1;
				LastSwiftUpdateCheck = 1420;
				LastUpgradeCheck = 1420;
				TargetAttributes = {
					92B242592ACB49C300606259 = {
						CreatedOnToolsVersion = 14.2;
					};
				};
			};
			buildConfigurationList = 92B242552ACB49C300606259 /* Build configuration list for PBXProject "BelenetsAppOne" */;
			compatibilityVersion = "Xcode 14.0";
			developmentRegion = en;
			hasScannedForEncodings = 0;
			knownRegions = (
				en,
				Base,
			);
			mainGroup = 92B242512ACB49C200606259;
			productRefGroup = 92B2425B2ACB49C300606259 /* Products */;
			projectDirPath = "";
			projectRoot = "";
			targets = (
				92B242592ACB49C300606259 /* BelenetsAppOne */,
			);
		};
/* End PBXProject section */

/* Begin PBXResourcesBuildPhase section */
		92B242582ACB49C300606259 /* Resources */ = {
			isa = PBXResourcesBuildPhase;
			buildActionMask = 2147483647;
			files = (
				92B2426A2ACB49C500606259 /* LaunchScreen.storyboard in Resources */,
				92B242672ACB49C500606259 /* Assets.xcassets in Resources */,
				92B242652ACB49C300606259 /* Main.storyboard in Resources */,
			);
			runOnlyForDeploymentPostprocessing = 0;
		};
/* End PBXResourcesBuildPhase section */

/* Begin PBXSourcesBuildPhase section */
		92B242562ACB49C300606259 /* Sources */ = {
			isa = PBXSourcesBuildPhase;
			buildActionMask = 2147483647;
			files = (
				92B242752ACB569C00606259 /* Model.swift in Sources */,
				92B242732ACB551300606259 /* GameViewController.swift in Sources */,
				92B242792ACB57FA00606259 /* SettingsViewController.swift in Sources */,
				92B242622ACB49C300606259 /* WelcomeViewController.swift in Sources */,
				92B2425E2ACB49C300606259 /* AppDelegate.swift in Sources */,
				92B2427D2ACCBEE200606259 /* Constants.swift in Sources */,
				92B242602ACB49C300606259 /* SceneDelegate.swift in Sources */,
				92B242772ACB57EC00606259 /* RecordsViewController.swift in Sources */,
				92B2427B2ACCBE5300606259 /* FileManager.swift in Sources */,
			);
			runOnlyForDeploymentPostprocessing = 0;
		};
/* End PBXSourcesBuildPhase section */

/* Begin PBXVariantGroup section */
		92B242632ACB49C300606259 /* Main.storyboard */ = {
			isa = PBXVariantGroup;
			children = (
				92B242642ACB49C300606259 /* Base */,
			);
			name = Main.storyboard;
			sourceTree = "<group>";
		};
		92B242682ACB49C500606259 /* LaunchScreen.storyboard */ = {
			isa = PBXVariantGroup;
			children = (
				92B242692ACB49C500606259 /* Base */,
			);
			name = LaunchScreen.storyboard;
			sourceTree = "<group>";
		};
/* End PBXVariantGroup section */

/* Begin XCBuildConfiguration section */
		92B2426C2ACB49C500606259 /* Debug */ = {
			isa = XCBuildConfiguration;
			buildSettings = {
				ALWAYS_SEARCH_USER_PATHS = NO;
				CLANG_ANALYZER_NONNULL = YES;
				CLANG_ANALYZER_NUMBER_OBJECT_CONVERSION = YES_AGGRESSIVE;
				CLANG_CXX_LANGUAGE_STANDARD = "gnu++20";
				CLANG_ENABLE_MODULES = YES;
				CLANG_ENABLE_OBJC_ARC = YES;
				CLANG_ENABLE_OBJC_WEAK = YES;
				CLANG_WARN_BLOCK_CAPTURE_AUTORELEASING = YES;
				CLANG_WARN_BOOL_CONVERSION = YES;
				CLANG_WARN_COMMA = YES;
				CLANG_WARN_CONSTANT_CONVERSION = YES;
				CLANG_WARN_DEPRECATED_OBJC_IMPLEMENTATIONS = YES;
				CLANG_WARN_DIRECT_OBJC_ISA_USAGE = YES_ERROR;
				CLANG_WARN_DOCUMENTATION_COMMENTS = YES;
				CLANG_WARN_EMPTY_BODY = YES;
				CLANG_WARN_ENUM_CONVERSION = YES;
				CLANG_WARN_INFINITE_RECURSION = YES;
				CLANG_WARN_INT_CONVERSION = YES;
				CLANG_WARN_NON_LITERAL_NULL_CONVERSION = YES;
				CLANG_WARN_OBJC_IMPLICIT_RETAIN_SELF = YES;
				CLANG_WARN_OBJC_LITERAL_CONVERSION = YES;
				CLANG_WARN_OBJC_ROOT_CLASS = YES_ERROR;
				CLANG_WARN_QUOTED_INCLUDE_IN_FRAMEWORK_HEADER = YES;
				CLANG_WARN_RANGE_LOOP_ANALYSIS = YES;
				CLANG_WARN_STRICT_PROTOTYPES = YES;
				CLANG_WARN_SUSPICIOUS_MOVE = YES;
				CLANG_WARN_UNGUARDED_AVAILABILITY = YES_AGGRESSIVE;
				CLANG_WARN_UNREACHABLE_CODE = YES;
				CLANG_WARN__DUPLICATE_METHOD_MATCH = YES;
				COPY_PHASE_STRIP = NO;
				DEBUG_INFORMATION_FORMAT = dwarf;
				ENABLE_STRICT_OBJC_MSGSEND = YES;
				ENABLE_TESTABILITY = YES;
				GCC_C_LANGUAGE_STANDARD = gnu11;
				GCC_DYNAMIC_NO_PIC = NO;
				GCC_NO_COMMON_BLOCKS = YES;
				GCC_OPTIMIZATION_LEVEL = 0;
				GCC_PREPROCESSOR_DEFINITIONS = (
					"DEBUG=1",
					"$(inherited)",
				);
				GCC_WARN_64_TO_32_BIT_CONVERSION = YES;
				GCC_WARN_ABOUT_RETURN_TYPE = YES_ERROR;
				GCC_WARN_UNDECLARED_SELECTOR = YES;
				GCC_WARN_UNINITIALIZED_AUTOS = YES_AGGRESSIVE;
				GCC_WARN_UNUSED_FUNCTION = YES;
				GCC_WARN_UNUSED_VARIABLE = YES;
				IPHONEOS_DEPLOYMENT_TARGET = 16.2;
				MTL_ENABLE_DEBUG_INFO = INCLUDE_SOURCE;
				MTL_FAST_MATH = YES;
				ONLY_ACTIVE_ARCH = YES;
				SDKROOT = iphoneos;
				SWIFT_ACTIVE_COMPILATION_CONDITIONS = DEBUG;
				SWIFT_OPTIMIZATION_LEVEL = "-Onone";
			};
			name = Debug;
		};
		92B2426D2ACB49C500606259 /* Release */ = {
			isa = XCBuildConfiguration;
			buildSettings = {
				ALWAYS_SEARCH_USER_PATHS = NO;
				CLANG_ANALYZER_NONNULL = YES;
				CLANG_ANALYZER_NUMBER_OBJECT_CONVERSION = YES_AGGRESSIVE;
				CLANG_CXX_LANGUAGE_STANDARD = "gnu++20";
				CLANG_ENABLE_MODULES = YES;
				CLANG_ENABLE_OBJC_ARC = YES;
				CLANG_ENABLE_OBJC_WEAK = YES;
				CLANG_WARN_BLOCK_CAPTURE_AUTORELEASING = YES;
				CLANG_WARN_BOOL_CONVERSION = YES;
				CLANG_WARN_COMMA = YES;
				CLANG_WARN_CONSTANT_CONVERSION = YES;
				CLANG_WARN_DEPRECATED_OBJC_IMPLEMENTATIONS = YES;
				CLANG_WARN_DIRECT_OBJC_ISA_USAGE = YES_ERROR;
				CLANG_WARN_DOCUMENTATION_COMMENTS = YES;
				CLANG_WARN_EMPTY_BODY = YES;
				CLANG_WARN_ENUM_CONVERSION = YES;
				CLANG_WARN_INFINITE_RECURSION = YES;
				CLANG_WARN_INT_CONVERSION = YES;
				CLANG_WARN_NON_LITERAL_NULL_CONVERSION = YES;
				CLANG_WARN_OBJC_IMPLICIT_RETAIN_SELF = YES;
				CLANG_WARN_OBJC_LITERAL_CONVERSION = YES;
				CLANG_WARN_OBJC_ROOT_CLASS = YES_ERROR;
				CLANG_WARN_QUOTED_INCLUDE_IN_FRAMEWORK_HEADER = YES;
				CLANG_WARN_RANGE_LOOP_ANALYSIS = YES;
				CLANG_WARN_STRICT_PROTOTYPES = YES;
				CLANG_WARN_SUSPICIOUS_MOVE = YES;
				CLANG_WARN_UNGUARDED_AVAILABILITY = YES_AGGRESSIVE;
				CLANG_WARN_UNREACHABLE_CODE = YES;
				CLANG_WARN__DUPLICATE_METHOD_MATCH = YES;
				COPY_PHASE_STRIP = NO;
				DEBUG_INFORMATION_FORMAT = "dwarf-with-dsym";
				ENABLE_NS_ASSERTIONS = NO;
				ENABLE_STRICT_OBJC_MSGSEND = YES;
				GCC_C_LANGUAGE_STANDARD = gnu11;
				GCC_NO_COMMON_BLOCKS = YES;
				GCC_WARN_64_TO_32_BIT_CONVERSION = YES;
				GCC_WARN_ABOUT_RETURN_TYPE = YES_ERROR;
				GCC_WARN_UNDECLARED_SELECTOR = YES;
				GCC_WARN_UNINITIALIZED_AUTOS = YES_AGGRESSIVE;
				GCC_WARN_UNUSED_FUNCTION = YES;
				GCC_WARN_UNUSED_VARIABLE = YES;
				IPHONEOS_DEPLOYMENT_TARGET = 16.2;
				MTL_ENABLE_DEBUG_INFO = NO;
				MTL_FAST_MATH = YES;
				SDKROOT = iphoneos;
				SWIFT_COMPILATION_MODE = wholemodule;
				SWIFT_OPTIMIZATION_LEVEL = "-O";
				VALIDATE_PRODUCT = YES;
			};
			name = Release;
		};
		92B2426F2ACB49C500606259 /* Debug */ = {
			isa = XCBuildConfiguration;
			buildSettings = {
				ASSETCATALOG_COMPILER_APPICON_NAME = AppIcon;
				ASSETCATALOG_COMPILER_GLOBAL_ACCENT_COLOR_NAME = AccentColor;
				CODE_SIGN_STYLE = Automatic;
				CURRENT_PROJECT_VERSION = 1;
				DEVELOPMENT_TEAM = JJT989VNH4;
				GENERATE_INFOPLIST_FILE = YES;
				INFOPLIST_FILE = BelenetsAppOne/Info.plist;
				INFOPLIST_KEY_UIApplicationSupportsIndirectInputEvents = YES;
				INFOPLIST_KEY_UILaunchStoryboardName = LaunchScreen;
				INFOPLIST_KEY_UIMainStoryboardFile = Main;
				INFOPLIST_KEY_UISupportedInterfaceOrientations_iPad = "UIInterfaceOrientationPortrait UIInterfaceOrientationPortraitUpsideDown UIInterfaceOrientationLandscapeLeft UIInterfaceOrientationLandscapeRight";
				INFOPLIST_KEY_UISupportedInterfaceOrientations_iPhone = "UIInterfaceOrientationPortrait UIInterfaceOrientationLandscapeLeft UIInterfaceOrientationLandscapeRight";
				IPHONEOS_DEPLOYMENT_TARGET = 13.2;
				LD_RUNPATH_SEARCH_PATHS = (
					"$(inherited)",
					"@executable_path/Frameworks",
				);
				MARKETING_VERSION = 1.0;
				PRODUCT_BUNDLE_IDENTIFIER = belenets.BelenetsAppOne;
				PRODUCT_NAME = "$(TARGET_NAME)";
				SWIFT_EMIT_LOC_STRINGS = YES;
				SWIFT_VERSION = 5.0;
				TARGETED_DEVICE_FAMILY = "1,2";
			};
			name = Debug;
		};
		92B242702ACB49C500606259 /* Release */ = {
			isa = XCBuildConfiguration;
			buildSettings = {
				ASSETCATALOG_COMPILER_APPICON_NAME = AppIcon;
				ASSETCATALOG_COMPILER_GLOBAL_ACCENT_COLOR_NAME = AccentColor;
				CODE_SIGN_STYLE = Automatic;
				CURRENT_PROJECT_VERSION = 1;
				DEVELOPMENT_TEAM = JJT989VNH4;
				GENERATE_INFOPLIST_FILE = YES;
				INFOPLIST_FILE = BelenetsAppOne/Info.plist;
				INFOPLIST_KEY_UIApplicationSupportsIndirectInputEvents = YES;
				INFOPLIST_KEY_UILaunchStoryboardName = LaunchScreen;
				INFOPLIST_KEY_UIMainStoryboardFile = Main;
				INFOPLIST_KEY_UISupportedInterfaceOrientations_iPad = "UIInterfaceOrientationPortrait UIInterfaceOrientationPortraitUpsideDown UIInterfaceOrientationLandscapeLeft UIInterfaceOrientationLandscapeRight";
				INFOPLIST_KEY_UISupportedInterfaceOrientations_iPhone = "UIInterfaceOrientationPortrait UIInterfaceOrientationLandscapeLeft UIInterfaceOrientationLandscapeRight";
				IPHONEOS_DEPLOYMENT_TARGET = 13.2;
				LD_RUNPATH_SEARCH_PATHS = (
					"$(inherited)",
					"@executable_path/Frameworks",
				);
				MARKETING_VERSION = 1.0;
				PRODUCT_BUNDLE_IDENTIFIER = belenets.BelenetsAppOne;
				PRODUCT_NAME = "$(TARGET_NAME)";
				SWIFT_EMIT_LOC_STRINGS = YES;
				SWIFT_VERSION = 5.0;
				TARGETED_DEVICE_FAMILY = "1,2";
			};
			name = Release;
		};
/* End XCBuildConfiguration section */

/* Begin XCConfigurationList section */
		92B242552ACB49C300606259 /* Build configuration list for PBXProject "BelenetsAppOne" */ = {
			isa = XCConfigurationList;
			buildConfigurations = (
				92B2426C2ACB49C500606259 /* Debug */,
				92B2426D2ACB49C500606259 /* Release */,
			);
			defaultConfigurationIsVisible = 0;
			defaultConfigurationName = Release;
		};
		92B2426E2ACB49C500606259 /* Build configuration list for PBXNativeTarget "BelenetsAppOne" */ = {
			isa = XCConfigurationList;
			buildConfigurations = (
				92B2426F2ACB49C500606259 /* Debug */,
				92B242702ACB49C500606259 /* Release */,
			);
			defaultConfigurationIsVisible = 0;
			defaultConfigurationName = Release;
		};
/* End XCConfigurationList section */
	};
	rootObject = 92B242522ACB49C300606259 /* Project object */;
}
